
Microsoft Visual Studio Solution File, Format Version 12.00
# Visual Studio 14
VisualStudioVersion = 14.0.25420.1
MinimumVisualStudioVersion = 10.0.40219.1
Project("{FAE04EC0-301F-11D3-BF4B-00C04F79EFBC}") = "ben-pister.Domain", "ben-pister.Domain\ben-pister.Domain.csproj", "{69AC0553-20CD-4D55-93F4-CFC9D5C75A0F}"
EndProject
Project("{FAE04EC0-301F-11D3-BF4B-00C04F79EFBC}") = "ben-pister.WebUI", "ben-pister.WebUI\ben-pister.WebUI.csproj", "{1AF8975A-2BA3-44C9-BC0C-EC072E308AA0}"
EndProject
Project("{FAE04EC0-301F-11D3-BF4B-00C04F79EFBC}") = "ben-pister.UnitTests", "ben-pister.UnitTests\ben-pister.UnitTests.csproj", "{C5977506-39AF-4614-B56D-EC1B33F9D4EB}"
EndProject
Global
	GlobalSection(SolutionConfigurationPlatforms) = preSolution
		Debug|Any CPU = Debug|Any CPU
		Release|Any CPU = Release|Any CPU
	EndGlobalSection
	GlobalSection(ProjectConfigurationPlatforms) = postSolution
		{69AC0553-20CD-4D55-93F4-CFC9D5C75A0F}.Debug|Any CPU.ActiveCfg = Debug|Any CPU
		{69AC0553-20CD-4D55-93F4-CFC9D5C75A0F}.Debug|Any CPU.Build.0 = Debug|Any CPU
		{69AC0553-20CD-4D55-93F4-CFC9D5C75A0F}.Release|Any CPU.ActiveCfg = Release|Any CPU
		{69AC0553-20CD-4D55-93F4-CFC9D5C75A0F}.Release|Any CPU.Build.0 = Release|Any CPU
		{1AF8975A-2BA3-44C9-BC0C-EC072E308AA0}.Debug|Any CPU.ActiveCfg = Debug|Any CPU
		{1AF8975A-2BA3-44C9-BC0C-EC072E308AA0}.Debug|Any CPU.Build.0 = Debug|Any CPU
		{1AF8975A-2BA3-44C9-BC0C-EC072E308AA0}.Release|Any CPU.ActiveCfg = Release|Any CPU
		{1AF8975A-2BA3-44C9-BC0C-EC072E308AA0}.Release|Any CPU.Build.0 = Release|Any CPU
		{C5977506-39AF-4614-B56D-EC1B33F9D4EB}.Debug|Any CPU.ActiveCfg = Debug|Any CPU
		{C5977506-39AF-4614-B56D-EC1B33F9D4EB}.Debug|Any CPU.Build.0 = Debug|Any CPU
		{C5977506-39AF-4614-B56D-EC1B33F9D4EB}.Release|Any CPU.ActiveCfg = Release|Any CPU
		{C5977506-39AF-4614-B56D-EC1B33F9D4EB}.Release|Any CPU.Build.0 = Release|Any CPU
	EndGlobalSection
	GlobalSection(SolutionProperties) = preSolution
		HideSolutionNode = FALSE
	EndGlobalSection
EndGlobal
